
Microsoft Visual Studio Solution File, Format Version 12.00
# Visual Studio Version 17
VisualStudioVersion = 17.6.33815.320
MinimumVisualStudioVersion = 10.0.40219.1
Project("{FAE04EC0-301F-11D3-BF4B-00C04F79EFBC}") = "MVCDemoApp", "MVCDemoApp.csproj", "{F15B4B0F-BE3A-485D-90FC-5343FBDC0106}"
EndProject
Global
	GlobalSection(SolutionConfigurationPlatforms) = preSolution
		Debug|Any CPU = Debug|Any CPU
		Release|Any CPU = Release|Any CPU
	EndGlobalSection
	GlobalSection(ProjectConfigurationPlatforms) = postSolution
		{F15B4B0F-BE3A-485D-90FC-5343FBDC0106}.Debug|Any CPU.ActiveCfg = Debug|Any CPU
		{F15B4B0F-BE3A-485D-90FC-5343FBDC0106}.Debug|Any CPU.Build.0 = Debug|Any CPU
		{F15B4B0F-BE3A-485D-90FC-5343FBDC0106}.Release|Any CPU.ActiveCfg = Release|Any CPU
		{F15B4B0F-BE3A-485D-90FC-5343FBDC0106}.Release|Any CPU.Build.0 = Release|Any CPU
	EndGlobalSection
	GlobalSection(SolutionProperties) = preSolution
		HideSolutionNode = FALSE
	EndGlobalSection
	GlobalSection(ExtensibilityGlobals) = postSolution
		SolutionGuid = {270F883B-B172-41CE-AA7C-B0AF768D6B22}
	EndGlobalSection
EndGlobal
